{
  "object": {
    "pins": [
      {
        "package": "CryptoSwift",
        "repositoryURL": "https://github.com/krzyzanowskim/CryptoSwift",
        "state": {
          "branch": null,
          "revision": "8d4f6384e0a8cc41f2005247241dd553963a492a",
          "version": "1.4.1"
        }
      },
      {
        "package": "Device",
        "repositoryURL": "https://github.com/Alelenka/Device",
        "state": {
          "branch": "spm-support",
          "revision": "df290adc142a10ef73a9b62e9f03e54d1f2f62ee",
          "version": null
        }
      }
    ]
  },
  "version": 1
}
