// !$*UTF8*$!
{
	archiveVersion = 1;
	classes = {
	};
	objectVersion = 51;
	objects = {

/* Begin PBXBuildFile section */
		18F2361421D2150200169AC9 /* Dictionary+QueryStringBuilder.swift in Sources */ = {isa = PBXBuildFile; fileRef = 18F2361321D2150200169AC9 /* Dictionary+QueryStringBuilder.swift */; };
		3971F71524F1842300597F9D /* SymmetricCryptoService.swift in Sources */ = {isa = PBXBuildFile; fileRef = 3971F71324F1842300597F9D /* SymmetricCryptoService.swift */; };
		3971F71624F1842300597F9D /* BlowfishCryptoService.swift in Sources */ = {isa = PBXBuildFile; fileRef = 3971F71424F1842300597F9D /* BlowfishCryptoService.swift */; };
		3971F71924F1842A00597F9D /* SHA3.swift in Sources */ = {isa = PBXBuildFile; fileRef = 3971F71724F1842A00597F9D /* SHA3.swift */; };
		3971F71A24F1842A00597F9D /* HashProvider.swift in Sources */ = {isa = PBXBuildFile; fileRef = 3971F71824F1842A00597F9D /* HashProvider.swift */; };
		3971F71C24F1843000597F9D /* CryptoCommon.swift in Sources */ = {isa = PBXBuildFile; fileRef = 3971F71B24F1843000597F9D /* CryptoCommon.swift */; };
		3971F72224F1843900597F9D /* KeyChainSecureStore.swift in Sources */ = {isa = PBXBuildFile; fileRef = 3971F71D24F1843900597F9D /* KeyChainSecureStore.swift */; };
		3971F72324F1843900597F9D /* InMemorySecureStore.swift in Sources */ = {isa = PBXBuildFile; fileRef = 3971F71E24F1843900597F9D /* InMemorySecureStore.swift */; };
		3971F72424F1843900597F9D /* GenericPasswordQueryable.swift in Sources */ = {isa = PBXBuildFile; fileRef = 3971F71F24F1843900597F9D /* GenericPasswordQueryable.swift */; };
		3971F72524F1843900597F9D /* SecureStore.swift in Sources */ = {isa = PBXBuildFile; fileRef = 3971F72024F1843900597F9D /* SecureStore.swift */; };
		3971F72624F1843900597F9D /* SecureStoreError.swift in Sources */ = {isa = PBXBuildFile; fileRef = 3971F72124F1843900597F9D /* SecureStoreError.swift */; };
		397CDAD124EF9F6C00FB0EAA /* PinCryptoBox.swift in Sources */ = {isa = PBXBuildFile; fileRef = 397CDAD024EF9F6C00FB0EAA /* PinCryptoBox.swift */; };
		397CDAD324EF9F7F00FB0EAA /* PinHackCryptoBox.swift in Sources */ = {isa = PBXBuildFile; fileRef = 397CDAD224EF9F7F00FB0EAA /* PinHackCryptoBox.swift */; };
		39DCF1C724EEC8F8007CCFBC /* CryptoBoxCommonError.swift in Sources */ = {isa = PBXBuildFile; fileRef = 39DCF1C424EEC8F8007CCFBC /* CryptoBoxCommonError.swift */; };
		39DCF1C824EEC8F8007CCFBC /* HackWrapperCryptoBox.swift in Sources */ = {isa = PBXBuildFile; fileRef = 39DCF1C524EEC8F8007CCFBC /* HackWrapperCryptoBox.swift */; };
		39DCF1C924EEC8F8007CCFBC /* CryptoBox.swift in Sources */ = {isa = PBXBuildFile; fileRef = 39DCF1C624EEC8F8007CCFBC /* CryptoBox.swift */; };
		39DCF1A224EE7C66007CCFBC /* UIImage+badgedImage.swift in Sources */ = {isa = PBXBuildFile; fileRef = 39DCF1A124EE7C66007CCFBC /* UIImage+badgedImage.swift */; };
		4F3ED9E9211C27CF0030DD45 /* Utils.framework in Frameworks */ = {isa = PBXBuildFile; fileRef = 4F3ED9DF211C27CF0030DD45 /* Utils.framework */; };
		4F3ED9F0211C27CF0030DD45 /* Utils.h in Headers */ = {isa = PBXBuildFile; fileRef = 4F3ED9E2211C27CF0030DD45 /* Utils.h */; settings = {ATTRIBUTES = (Public, ); }; };
		4F3ED9FC211C27FD0030DD45 /* String+Attributes.swift in Sources */ = {isa = PBXBuildFile; fileRef = 4F3ED9FB211C27FD0030DD45 /* String+Attributes.swift */; };
		5709EC5D236F4C6500EEBD93 /* CommonButton.swift in Sources */ = {isa = PBXBuildFile; fileRef = 5709EC5C236F4C6500EEBD93 /* CommonButton.swift */; };
		5709EC6A236F562400EEBD93 /* UIImageExtensions.swift in Sources */ = {isa = PBXBuildFile; fileRef = 5709EC69236F562400EEBD93 /* UIImageExtensions.swift */; };
		573117D123BF84C400491781 /* UIDevice.swift in Sources */ = {isa = PBXBuildFile; fileRef = 573117D023BF84C400491781 /* UIDevice.swift */; };
		573117D623BF889000491781 /* LayoutHelper.swift in Sources */ = {isa = PBXBuildFile; fileRef = 573117D523BF889000491781 /* LayoutHelper.swift */; };
		573117D923BFD28300491781 /* UIStyle.swift in Sources */ = {isa = PBXBuildFile; fileRef = 573117D823BFD28300491781 /* UIStyle.swift */; };
		573117DB23BFD33000491781 /* AnyStyle.swift in Sources */ = {isa = PBXBuildFile; fileRef = 573117DA23BFD33000491781 /* AnyStyle.swift */; };
		80437D26214045EF0095A8D0 /* BrightSide.swift in Sources */ = {isa = PBXBuildFile; fileRef = 80437D25214045EF0095A8D0 /* BrightSide.swift */; };
		8223ED95F8D4355B6D1B4403 /* Pods_Utils_UtilsTests.framework in Frameworks */ = {isa = PBXBuildFile; fileRef = 102A9A8EF253FEE66EBF94C1 /* Pods_Utils_UtilsTests.framework */; };
		87239D7F24D41E8700D38EC7 /* MoneyModel.swift in Sources */ = {isa = PBXBuildFile; fileRef = 87239D7E24D41E8700D38EC7 /* MoneyModel.swift */; };
		87239D8124D4220600D38EC7 /* MoneyModelTests.swift in Sources */ = {isa = PBXBuildFile; fileRef = 87239D8024D4220600D38EC7 /* MoneyModelTests.swift */; };
		890C428423795BF100FF63A7 /* LocalStorageTests.swift in Sources */ = {isa = PBXBuildFile; fileRef = 890C428323795BF100FF63A7 /* LocalStorageTests.swift */; };
		89293B2621F59F6A0016C6BE /* LocalStorage.swift in Sources */ = {isa = PBXBuildFile; fileRef = 89293B2521F59F6A0016C6BE /* LocalStorage.swift */; };
		8953A46D23560A2F007AD110 /* OTPField.swift in Sources */ = {isa = PBXBuildFile; fileRef = 8953A46C23560A2F007AD110 /* OTPField.swift */; };
		8953A46F23560A4C007AD110 /* OTPField.xib in Resources */ = {isa = PBXBuildFile; fileRef = 8953A46E23560A4C007AD110 /* OTPField.xib */; };
		898845202360482D004940DC /* UIView+XibSetup.swift in Sources */ = {isa = PBXBuildFile; fileRef = 8988451F2360482D004940DC /* UIView+XibSetup.swift */; };
		89F23A69235733BC005112E1 /* DigitField.swift in Sources */ = {isa = PBXBuildFile; fileRef = 89F23A68235733BC005112E1 /* DigitField.swift */; };
		89F23A6B23575D97005112E1 /* DigitFieldStyle.swift in Sources */ = {isa = PBXBuildFile; fileRef = 89F23A6A23575D97005112E1 /* DigitFieldStyle.swift */; };
		89F23A6D23576452005112E1 /* OTPFieldStyle.swift in Sources */ = {isa = PBXBuildFile; fileRef = 89F23A6C23576452005112E1 /* OTPFieldStyle.swift */; };
		902C67EC21E4D20B007B13CC /* ItemsScrollManager.swift in Sources */ = {isa = PBXBuildFile; fileRef = 902C67EB21E4D20B007B13CC /* ItemsScrollManager.swift */; };
		902CA34121E7331E00396923 /* UIView+BlurBuilder.swift in Sources */ = {isa = PBXBuildFile; fileRef = 902CA34021E7331E00396923 /* UIView+BlurBuilder.swift */; };
		90718AF121EA370000C81002 /* KeyboardNotificationsObserver.swift in Sources */ = {isa = PBXBuildFile; fileRef = 90718AF021EA370000C81002 /* KeyboardNotificationsObserver.swift */; };
		907F0FE321DCD20C001CCB07 /* UINavigationController+AdvancedNavigationStackManagement.swift in Sources */ = {isa = PBXBuildFile; fileRef = 907F0FE221DCD20C001CCB07 /* UINavigationController+AdvancedNavigationStackManagement.swift */; };
		907F0FE621DCD3A0001CCB07 /* SettingsRouter.swift in Sources */ = {isa = PBXBuildFile; fileRef = 907F0FE521DCD3A0001CCB07 /* SettingsRouter.swift */; };
		907F0FEC21DCD7E1001CCB07 /* RouteMeasurer.swift in Sources */ = {isa = PBXBuildFile; fileRef = 907F0FEB21DCD7E1001CCB07 /* RouteMeasurer.swift */; };
		907F0FEF21DCDB43001CCB07 /* WordDeclinationSelector.swift in Sources */ = {isa = PBXBuildFile; fileRef = 907F0FEE21DCDB43001CCB07 /* WordDeclinationSelector.swift */; };
		9087BC5021EF3BD400FCE1E1 /* KeyboardObservable.swift in Sources */ = {isa = PBXBuildFile; fileRef = 9087BC4F21EF3BD400FCE1E1 /* KeyboardObservable.swift */; };
		9087BC5221EF3BE700FCE1E1 /* CommonKeyboardPresentable.swift in Sources */ = {isa = PBXBuildFile; fileRef = 9087BC5121EF3BE700FCE1E1 /* CommonKeyboardPresentable.swift */; };
		9087BC5421EF3BF200FCE1E1 /* FullKeyboardPresentable.swift in Sources */ = {isa = PBXBuildFile; fileRef = 9087BC5321EF3BF200FCE1E1 /* FullKeyboardPresentable.swift */; };
		9087BC5621EF3BFB00FCE1E1 /* Notification.swift in Sources */ = {isa = PBXBuildFile; fileRef = 9087BC5521EF3BFB00FCE1E1 /* Notification.swift */; };
		9087BC5A21EF6C9F00FCE1E1 /* KeyboardNotificationsObserverPool.swift in Sources */ = {isa = PBXBuildFile; fileRef = 9087BC5921EF6C9F00FCE1E1 /* KeyboardNotificationsObserverPool.swift */; };
		90AC85612385928100DF7F3B /* GeolocationService.swift in Sources */ = {isa = PBXBuildFile; fileRef = 90AC85602385928100DF7F3B /* GeolocationService.swift */; };
		90AC85632385928E00DF7F3B /* GeolocationServiceInterface.swift in Sources */ = {isa = PBXBuildFile; fileRef = 90AC85622385928E00DF7F3B /* GeolocationServiceInterface.swift */; };
		90AC85652385929E00DF7F3B /* LocationManagerInterface.swift in Sources */ = {isa = PBXBuildFile; fileRef = 90AC85642385929E00DF7F3B /* LocationManagerInterface.swift */; };
		90AC8567238592A700DF7F3B /* GeolocationAccuracy.swift in Sources */ = {isa = PBXBuildFile; fileRef = 90AC8566238592A700DF7F3B /* GeolocationAccuracy.swift */; };
		90AC8569238592AF00DF7F3B /* GeolocationAuthResult.swift in Sources */ = {isa = PBXBuildFile; fileRef = 90AC8568238592AF00DF7F3B /* GeolocationAuthResult.swift */; };
		90AC856B238592B800DF7F3B /* GeolocationResult.swift in Sources */ = {isa = PBXBuildFile; fileRef = 90AC856A238592B800DF7F3B /* GeolocationResult.swift */; };
		90AC856D2385941D00DF7F3B /* GeolocationServiceTests.swift in Sources */ = {isa = PBXBuildFile; fileRef = 90AC856C2385941D00DF7F3B /* GeolocationServiceTests.swift */; };
		90C101C821E0B1E0002E8E65 /* WordDeclinationSelectorTests.swift in Sources */ = {isa = PBXBuildFile; fileRef = 90C101C721E0B1E0002E8E65 /* WordDeclinationSelectorTests.swift */; };
		90C101CA21E0B62D002E8E65 /* RouteMeasurerTests.swift in Sources */ = {isa = PBXBuildFile; fileRef = 90C101C921E0B62D002E8E65 /* RouteMeasurerTests.swift */; };
		A16A8CBC4A8CC4DBDF4E6427 /* Pods_Utils.framework in Frameworks */ = {isa = PBXBuildFile; fileRef = CB0A89DF1B751C2D2CAC7179 /* Pods_Utils.framework */; };
		A439074B21F5C52A0034C455 /* UIView+Masking.swift in Sources */ = {isa = PBXBuildFile; fileRef = A439074A21F5C52A0034C455 /* UIView+Masking.swift */; };
		A439074E21F5C5880034C455 /* SkeletonView.swift in Sources */ = {isa = PBXBuildFile; fileRef = A439074D21F5C5880034C455 /* SkeletonView.swift */; };
		A4D5D5FD24E57A6A004ABFBC /* CustomSwitch.swift in Sources */ = {isa = PBXBuildFile; fileRef = A4D5D5FC24E57A6A004ABFBC /* CustomSwitch.swift */; };
		A4D5D5FF24E57A81004ABFBC /* CustomSwitchExternalConfigurations.swift in Sources */ = {isa = PBXBuildFile; fileRef = A4D5D5FE24E57A81004ABFBC /* CustomSwitchExternalConfigurations.swift */; };
		D6040DFC22C5F3E20088BB50 /* StringBuilder.swift in Sources */ = {isa = PBXBuildFile; fileRef = D6040DFB22C5F3E20088BB50 /* StringBuilder.swift */; };
		E9B0630A2146924A0080C391 /* VibrationFeedbackManager.swift in Sources */ = {isa = PBXBuildFile; fileRef = E9B063092146924A0080C391 /* VibrationFeedbackManager.swift */; };
		E9B0630C214692C30080C391 /* UIDevice+hasTapticEngine.swift in Sources */ = {isa = PBXBuildFile; fileRef = E9B0630B214692C30080C391 /* UIDevice+hasTapticEngine.swift */; };
		E9B0630E214693160080C391 /* UIDevice+hasHapticFeedback.swift in Sources */ = {isa = PBXBuildFile; fileRef = E9B0630D214693160080C391 /* UIDevice+hasHapticFeedback.swift */; };
		E9B063102147AECC0080C391 /* UIDevice+feedbackType.swift in Sources */ = {isa = PBXBuildFile; fileRef = E9B0630F2147AECC0080C391 /* UIDevice+feedbackType.swift */; };
		EE0C5D92241026CB006B8C28 /* TouchableControl.swift in Sources */ = {isa = PBXBuildFile; fileRef = EE0C5D91241026CB006B8C28 /* TouchableControl.swift */; };
/* End PBXBuildFile section */

/* Begin PBXContainerItemProxy section */
		4F3ED9EA211C27CF0030DD45 /* PBXContainerItemProxy */ = {
			isa = PBXContainerItemProxy;
			containerPortal = 4F3ED9D6211C27CF0030DD45 /* Project object */;
			proxyType = 1;
			remoteGlobalIDString = 4F3ED9DE211C27CF0030DD45;
			remoteInfo = Utils;
		};
/* End PBXContainerItemProxy section */

/* Begin PBXFileReference section */
		02F9B416D59467D2B80A9C5F /* Pods-Utils-UtilsTests.release.xcconfig */ = {isa = PBXFileReference; includeInIndex = 1; lastKnownFileType = text.xcconfig; name = "Pods-Utils-UtilsTests.release.xcconfig"; path = "Target Support Files/Pods-Utils-UtilsTests/Pods-Utils-UtilsTests.release.xcconfig"; sourceTree = "<group>"; };
		03334A1D4618E8D80FE93B35 /* Pods-Utils-UtilsTests.debug.xcconfig */ = {isa = PBXFileReference; includeInIndex = 1; lastKnownFileType = text.xcconfig; name = "Pods-Utils-UtilsTests.debug.xcconfig"; path = "Target Support Files/Pods-Utils-UtilsTests/Pods-Utils-UtilsTests.debug.xcconfig"; sourceTree = "<group>"; };
		102A9A8EF253FEE66EBF94C1 /* Pods_Utils_UtilsTests.framework */ = {isa = PBXFileReference; explicitFileType = wrapper.framework; includeInIndex = 0; path = Pods_Utils_UtilsTests.framework; sourceTree = BUILT_PRODUCTS_DIR; };
		18F2361321D2150200169AC9 /* Dictionary+QueryStringBuilder.swift */ = {isa = PBXFileReference; lastKnownFileType = sourcecode.swift; path = "Dictionary+QueryStringBuilder.swift"; sourceTree = "<group>"; };
		243F44D696F7B70FA2E9207A /* Pods-UtilsTests.debug.xcconfig */ = {isa = PBXFileReference; includeInIndex = 1; lastKnownFileType = text.xcconfig; name = "Pods-UtilsTests.debug.xcconfig"; path = "Target Support Files/Pods-UtilsTests/Pods-UtilsTests.debug.xcconfig"; sourceTree = "<group>"; };
		3971F71324F1842300597F9D /* SymmetricCryptoService.swift */ = {isa = PBXFileReference; fileEncoding = 4; lastKnownFileType = sourcecode.swift; path = SymmetricCryptoService.swift; sourceTree = "<group>"; };
		3971F71424F1842300597F9D /* BlowfishCryptoService.swift */ = {isa = PBXFileReference; fileEncoding = 4; lastKnownFileType = sourcecode.swift; path = BlowfishCryptoService.swift; sourceTree = "<group>"; };
		3971F71724F1842A00597F9D /* SHA3.swift */ = {isa = PBXFileReference; fileEncoding = 4; lastKnownFileType = sourcecode.swift; path = SHA3.swift; sourceTree = "<group>"; };
		3971F71824F1842A00597F9D /* HashProvider.swift */ = {isa = PBXFileReference; fileEncoding = 4; lastKnownFileType = sourcecode.swift; path = HashProvider.swift; sourceTree = "<group>"; };
		3971F71B24F1843000597F9D /* CryptoCommon.swift */ = {isa = PBXFileReference; fileEncoding = 4; lastKnownFileType = sourcecode.swift; path = CryptoCommon.swift; sourceTree = "<group>"; };
		3971F71D24F1843900597F9D /* KeyChainSecureStore.swift */ = {isa = PBXFileReference; fileEncoding = 4; lastKnownFileType = sourcecode.swift; path = KeyChainSecureStore.swift; sourceTree = "<group>"; };
		3971F71E24F1843900597F9D /* InMemorySecureStore.swift */ = {isa = PBXFileReference; fileEncoding = 4; lastKnownFileType = sourcecode.swift; path = InMemorySecureStore.swift; sourceTree = "<group>"; };
		3971F71F24F1843900597F9D /* GenericPasswordQueryable.swift */ = {isa = PBXFileReference; fileEncoding = 4; lastKnownFileType = sourcecode.swift; path = GenericPasswordQueryable.swift; sourceTree = "<group>"; };
		3971F72024F1843900597F9D /* SecureStore.swift */ = {isa = PBXFileReference; fileEncoding = 4; lastKnownFileType = sourcecode.swift; path = SecureStore.swift; sourceTree = "<group>"; };
		3971F72124F1843900597F9D /* SecureStoreError.swift */ = {isa = PBXFileReference; fileEncoding = 4; lastKnownFileType = sourcecode.swift; path = SecureStoreError.swift; sourceTree = "<group>"; };
		397CDAD024EF9F6C00FB0EAA /* PinCryptoBox.swift */ = {isa = PBXFileReference; lastKnownFileType = sourcecode.swift; path = PinCryptoBox.swift; sourceTree = "<group>"; };
		397CDAD224EF9F7F00FB0EAA /* PinHackCryptoBox.swift */ = {isa = PBXFileReference; lastKnownFileType = sourcecode.swift; path = PinHackCryptoBox.swift; sourceTree = "<group>"; };
		39DCF1C424EEC8F8007CCFBC /* CryptoBoxCommonError.swift */ = {isa = PBXFileReference; fileEncoding = 4; lastKnownFileType = sourcecode.swift; path = CryptoBoxCommonError.swift; sourceTree = "<group>"; };
		39DCF1C524EEC8F8007CCFBC /* HackWrapperCryptoBox.swift */ = {isa = PBXFileReference; fileEncoding = 4; lastKnownFileType = sourcecode.swift; path = HackWrapperCryptoBox.swift; sourceTree = "<group>"; };
		39DCF1C624EEC8F8007CCFBC /* CryptoBox.swift */ = {isa = PBXFileReference; fileEncoding = 4; lastKnownFileType = sourcecode.swift; path = CryptoBox.swift; sourceTree = "<group>"; };
		39DCF1A124EE7C66007CCFBC /* UIImage+badgedImage.swift */ = {isa = PBXFileReference; lastKnownFileType = sourcecode.swift; path = "UIImage+badgedImage.swift"; sourceTree = "<group>"; };
		4F3ED9DF211C27CF0030DD45 /* Utils.framework */ = {isa = PBXFileReference; explicitFileType = wrapper.framework; includeInIndex = 0; path = Utils.framework; sourceTree = BUILT_PRODUCTS_DIR; };
		4F3ED9E2211C27CF0030DD45 /* Utils.h */ = {isa = PBXFileReference; lastKnownFileType = sourcecode.c.h; path = Utils.h; sourceTree = "<group>"; };
		4F3ED9E3211C27CF0030DD45 /* Info.plist */ = {isa = PBXFileReference; lastKnownFileType = text.plist.xml; path = Info.plist; sourceTree = "<group>"; };
		4F3ED9E8211C27CF0030DD45 /* UtilsTests.xctest */ = {isa = PBXFileReference; explicitFileType = wrapper.cfbundle; includeInIndex = 0; path = UtilsTests.xctest; sourceTree = BUILT_PRODUCTS_DIR; };
		4F3ED9EF211C27CF0030DD45 /* Info.plist */ = {isa = PBXFileReference; lastKnownFileType = text.plist.xml; path = Info.plist; sourceTree = "<group>"; };
		4F3ED9FB211C27FD0030DD45 /* String+Attributes.swift */ = {isa = PBXFileReference; lastKnownFileType = sourcecode.swift; path = "String+Attributes.swift"; sourceTree = "<group>"; };
		5709EC5C236F4C6500EEBD93 /* CommonButton.swift */ = {isa = PBXFileReference; lastKnownFileType = sourcecode.swift; path = CommonButton.swift; sourceTree = "<group>"; };
		5709EC69236F562400EEBD93 /* UIImageExtensions.swift */ = {isa = PBXFileReference; lastKnownFileType = sourcecode.swift; path = UIImageExtensions.swift; sourceTree = "<group>"; };
		573117D023BF84C400491781 /* UIDevice.swift */ = {isa = PBXFileReference; lastKnownFileType = sourcecode.swift; path = UIDevice.swift; sourceTree = "<group>"; };
		573117D523BF889000491781 /* LayoutHelper.swift */ = {isa = PBXFileReference; lastKnownFileType = sourcecode.swift; path = LayoutHelper.swift; sourceTree = "<group>"; };
		573117D823BFD28300491781 /* UIStyle.swift */ = {isa = PBXFileReference; lastKnownFileType = sourcecode.swift; path = UIStyle.swift; sourceTree = "<group>"; };
		573117DA23BFD33000491781 /* AnyStyle.swift */ = {isa = PBXFileReference; lastKnownFileType = sourcecode.swift; path = AnyStyle.swift; sourceTree = "<group>"; };
		632D58609B21028A5FFDF22F /* Pods-Utils.debug.xcconfig */ = {isa = PBXFileReference; includeInIndex = 1; lastKnownFileType = text.xcconfig; name = "Pods-Utils.debug.xcconfig"; path = "Target Support Files/Pods-Utils/Pods-Utils.debug.xcconfig"; sourceTree = "<group>"; };
		80437D25214045EF0095A8D0 /* BrightSide.swift */ = {isa = PBXFileReference; lastKnownFileType = sourcecode.swift; path = BrightSide.swift; sourceTree = "<group>"; };
		87239D7E24D41E8700D38EC7 /* MoneyModel.swift */ = {isa = PBXFileReference; lastKnownFileType = sourcecode.swift; path = MoneyModel.swift; sourceTree = "<group>"; };
		87239D8024D4220600D38EC7 /* MoneyModelTests.swift */ = {isa = PBXFileReference; lastKnownFileType = sourcecode.swift; path = MoneyModelTests.swift; sourceTree = "<group>"; };
		890C428323795BF100FF63A7 /* LocalStorageTests.swift */ = {isa = PBXFileReference; lastKnownFileType = sourcecode.swift; path = LocalStorageTests.swift; sourceTree = "<group>"; };
		89293B2521F59F6A0016C6BE /* LocalStorage.swift */ = {isa = PBXFileReference; fileEncoding = 4; lastKnownFileType = sourcecode.swift; path = LocalStorage.swift; sourceTree = "<group>"; };
		8953A46C23560A2F007AD110 /* OTPField.swift */ = {isa = PBXFileReference; lastKnownFileType = sourcecode.swift; path = OTPField.swift; sourceTree = "<group>"; };
		8953A46E23560A4C007AD110 /* OTPField.xib */ = {isa = PBXFileReference; fileEncoding = 4; lastKnownFileType = file.xib; path = OTPField.xib; sourceTree = "<group>"; };
		8988451F2360482D004940DC /* UIView+XibSetup.swift */ = {isa = PBXFileReference; fileEncoding = 4; lastKnownFileType = sourcecode.swift; path = "UIView+XibSetup.swift"; sourceTree = "<group>"; };
		89F23A68235733BC005112E1 /* DigitField.swift */ = {isa = PBXFileReference; lastKnownFileType = sourcecode.swift; path = DigitField.swift; sourceTree = "<group>"; };
		89F23A6A23575D97005112E1 /* DigitFieldStyle.swift */ = {isa = PBXFileReference; lastKnownFileType = sourcecode.swift; path = DigitFieldStyle.swift; sourceTree = "<group>"; };
		89F23A6C23576452005112E1 /* OTPFieldStyle.swift */ = {isa = PBXFileReference; lastKnownFileType = sourcecode.swift; path = OTPFieldStyle.swift; sourceTree = "<group>"; };
		902C67EB21E4D20B007B13CC /* ItemsScrollManager.swift */ = {isa = PBXFileReference; lastKnownFileType = sourcecode.swift; path = ItemsScrollManager.swift; sourceTree = "<group>"; };
		902CA34021E7331E00396923 /* UIView+BlurBuilder.swift */ = {isa = PBXFileReference; lastKnownFileType = sourcecode.swift; path = "UIView+BlurBuilder.swift"; sourceTree = "<group>"; };
		90718AF021EA370000C81002 /* KeyboardNotificationsObserver.swift */ = {isa = PBXFileReference; lastKnownFileType = sourcecode.swift; path = KeyboardNotificationsObserver.swift; sourceTree = "<group>"; };
		907F0FE221DCD20C001CCB07 /* UINavigationController+AdvancedNavigationStackManagement.swift */ = {isa = PBXFileReference; lastKnownFileType = sourcecode.swift; path = "UINavigationController+AdvancedNavigationStackManagement.swift"; sourceTree = "<group>"; };
		907F0FE521DCD3A0001CCB07 /* SettingsRouter.swift */ = {isa = PBXFileReference; lastKnownFileType = sourcecode.swift; path = SettingsRouter.swift; sourceTree = "<group>"; };
		907F0FEB21DCD7E1001CCB07 /* RouteMeasurer.swift */ = {isa = PBXFileReference; lastKnownFileType = sourcecode.swift; path = RouteMeasurer.swift; sourceTree = "<group>"; };
		907F0FEE21DCDB43001CCB07 /* WordDeclinationSelector.swift */ = {isa = PBXFileReference; lastKnownFileType = sourcecode.swift; path = WordDeclinationSelector.swift; sourceTree = "<group>"; };
		9087BC4F21EF3BD400FCE1E1 /* KeyboardObservable.swift */ = {isa = PBXFileReference; lastKnownFileType = sourcecode.swift; path = KeyboardObservable.swift; sourceTree = "<group>"; };
		9087BC5121EF3BE700FCE1E1 /* CommonKeyboardPresentable.swift */ = {isa = PBXFileReference; lastKnownFileType = sourcecode.swift; path = CommonKeyboardPresentable.swift; sourceTree = "<group>"; };
		9087BC5321EF3BF200FCE1E1 /* FullKeyboardPresentable.swift */ = {isa = PBXFileReference; lastKnownFileType = sourcecode.swift; path = FullKeyboardPresentable.swift; sourceTree = "<group>"; };
		9087BC5521EF3BFB00FCE1E1 /* Notification.swift */ = {isa = PBXFileReference; lastKnownFileType = sourcecode.swift; path = Notification.swift; sourceTree = "<group>"; };
		9087BC5921EF6C9F00FCE1E1 /* KeyboardNotificationsObserverPool.swift */ = {isa = PBXFileReference; lastKnownFileType = sourcecode.swift; path = KeyboardNotificationsObserverPool.swift; sourceTree = "<group>"; };
		90AC85602385928100DF7F3B /* GeolocationService.swift */ = {isa = PBXFileReference; lastKnownFileType = sourcecode.swift; path = GeolocationService.swift; sourceTree = "<group>"; };
		90AC85622385928E00DF7F3B /* GeolocationServiceInterface.swift */ = {isa = PBXFileReference; lastKnownFileType = sourcecode.swift; path = GeolocationServiceInterface.swift; sourceTree = "<group>"; };
		90AC85642385929E00DF7F3B /* LocationManagerInterface.swift */ = {isa = PBXFileReference; lastKnownFileType = sourcecode.swift; path = LocationManagerInterface.swift; sourceTree = "<group>"; };
		90AC8566238592A700DF7F3B /* GeolocationAccuracy.swift */ = {isa = PBXFileReference; lastKnownFileType = sourcecode.swift; path = GeolocationAccuracy.swift; sourceTree = "<group>"; };
		90AC8568238592AF00DF7F3B /* GeolocationAuthResult.swift */ = {isa = PBXFileReference; lastKnownFileType = sourcecode.swift; path = GeolocationAuthResult.swift; sourceTree = "<group>"; };
		90AC856A238592B800DF7F3B /* GeolocationResult.swift */ = {isa = PBXFileReference; lastKnownFileType = sourcecode.swift; path = GeolocationResult.swift; sourceTree = "<group>"; };
		90AC856C2385941D00DF7F3B /* GeolocationServiceTests.swift */ = {isa = PBXFileReference; lastKnownFileType = sourcecode.swift; path = GeolocationServiceTests.swift; sourceTree = "<group>"; };
		90C101C721E0B1E0002E8E65 /* WordDeclinationSelectorTests.swift */ = {isa = PBXFileReference; lastKnownFileType = sourcecode.swift; path = WordDeclinationSelectorTests.swift; sourceTree = "<group>"; };
		90C101C921E0B62D002E8E65 /* RouteMeasurerTests.swift */ = {isa = PBXFileReference; lastKnownFileType = sourcecode.swift; path = RouteMeasurerTests.swift; sourceTree = "<group>"; };
		A439074A21F5C52A0034C455 /* UIView+Masking.swift */ = {isa = PBXFileReference; fileEncoding = 4; lastKnownFileType = sourcecode.swift; path = "UIView+Masking.swift"; sourceTree = "<group>"; };
		A439074D21F5C5880034C455 /* SkeletonView.swift */ = {isa = PBXFileReference; fileEncoding = 4; lastKnownFileType = sourcecode.swift; path = SkeletonView.swift; sourceTree = "<group>"; };
		A48BDCA594019F58493D65E7 /* Pods-UtilsTests.release.xcconfig */ = {isa = PBXFileReference; includeInIndex = 1; lastKnownFileType = text.xcconfig; name = "Pods-UtilsTests.release.xcconfig"; path = "Target Support Files/Pods-UtilsTests/Pods-UtilsTests.release.xcconfig"; sourceTree = "<group>"; };
		A4D5D5FC24E57A6A004ABFBC /* CustomSwitch.swift */ = {isa = PBXFileReference; lastKnownFileType = sourcecode.swift; path = CustomSwitch.swift; sourceTree = "<group>"; };
		A4D5D5FE24E57A81004ABFBC /* CustomSwitchExternalConfigurations.swift */ = {isa = PBXFileReference; lastKnownFileType = sourcecode.swift; path = CustomSwitchExternalConfigurations.swift; sourceTree = "<group>"; };
		CB0A89DF1B751C2D2CAC7179 /* Pods_Utils.framework */ = {isa = PBXFileReference; explicitFileType = wrapper.framework; includeInIndex = 0; path = Pods_Utils.framework; sourceTree = BUILT_PRODUCTS_DIR; };
		D06F434CB242A683A6DFCEC4 /* Pods-Utils.release.xcconfig */ = {isa = PBXFileReference; includeInIndex = 1; lastKnownFileType = text.xcconfig; name = "Pods-Utils.release.xcconfig"; path = "Target Support Files/Pods-Utils/Pods-Utils.release.xcconfig"; sourceTree = "<group>"; };
		D6040DFB22C5F3E20088BB50 /* StringBuilder.swift */ = {isa = PBXFileReference; lastKnownFileType = sourcecode.swift; path = StringBuilder.swift; sourceTree = "<group>"; };
		E9B063092146924A0080C391 /* VibrationFeedbackManager.swift */ = {isa = PBXFileReference; lastKnownFileType = sourcecode.swift; path = VibrationFeedbackManager.swift; sourceTree = "<group>"; };
		E9B0630B214692C30080C391 /* UIDevice+hasTapticEngine.swift */ = {isa = PBXFileReference; lastKnownFileType = sourcecode.swift; path = "UIDevice+hasTapticEngine.swift"; sourceTree = "<group>"; };
		E9B0630D214693160080C391 /* UIDevice+hasHapticFeedback.swift */ = {isa = PBXFileReference; lastKnownFileType = sourcecode.swift; path = "UIDevice+hasHapticFeedback.swift"; sourceTree = "<group>"; };
		E9B0630F2147AECC0080C391 /* UIDevice+feedbackType.swift */ = {isa = PBXFileReference; lastKnownFileType = sourcecode.swift; path = "UIDevice+feedbackType.swift"; sourceTree = "<group>"; };
		EE0C5D91241026CB006B8C28 /* TouchableControl.swift */ = {isa = PBXFileReference; lastKnownFileType = sourcecode.swift; path = TouchableControl.swift; sourceTree = "<group>"; };
/* End PBXFileReference section */

/* Begin PBXFrameworksBuildPhase section */
		4F3ED9DB211C27CF0030DD45 /* Frameworks */ = {
			isa = PBXFrameworksBuildPhase;
			buildActionMask = 2147483647;
			files = (
				A16A8CBC4A8CC4DBDF4E6427 /* Pods_Utils.framework in Frameworks */,
			);
			runOnlyForDeploymentPostprocessing = 0;
		};
		4F3ED9E5211C27CF0030DD45 /* Frameworks */ = {
			isa = PBXFrameworksBuildPhase;
			buildActionMask = 2147483647;
			files = (
				4F3ED9E9211C27CF0030DD45 /* Utils.framework in Frameworks */,
				8223ED95F8D4355B6D1B4403 /* Pods_Utils_UtilsTests.framework in Frameworks */,
			);
			runOnlyForDeploymentPostprocessing = 0;
		};
/* End PBXFrameworksBuildPhase section */

/* Begin PBXGroup section */
		18F2361221D214CC00169AC9 /* Dictionary */ = {
			isa = PBXGroup;
			children = (
				18F2361321D2150200169AC9 /* Dictionary+QueryStringBuilder.swift */,
			);
			path = Dictionary;
			sourceTree = "<group>";
		};
		39DCF1A324EEC5D0007CCFBC /* SecurityService */ = {
			isa = PBXGroup;
			children = (
				39DCF1A424EEC5EE007CCFBC /* Crypto */,
				39DCF1B824EEC735007CCFBC /* Store */,
			);
			path = SecurityService;
			sourceTree = "<group>";
		};
		39DCF1A424EEC5EE007CCFBC /* Crypto */ = {
			isa = PBXGroup;
			children = (
				39DCF1B924EEC76F007CCFBC /* CryptoBox */,
				39DCF1AB24EEC669007CCFBC /* CryptoService */,
				39DCF1B024EEC6C8007CCFBC /* Hash */,
				39DCF1B524EEC702007CCFBC /* Utils */,
			);
			path = Crypto;
			sourceTree = "<group>";
		};
		39DCF1AB24EEC669007CCFBC /* CryptoService */ = {
			isa = PBXGroup;
			children = (
				3971F71424F1842300597F9D /* BlowfishCryptoService.swift */,
				3971F71324F1842300597F9D /* SymmetricCryptoService.swift */,
			);
			path = CryptoService;
			sourceTree = "<group>";
		};
		39DCF1B024EEC6C8007CCFBC /* Hash */ = {
			isa = PBXGroup;
			children = (
				3971F71824F1842A00597F9D /* HashProvider.swift */,
				3971F71724F1842A00597F9D /* SHA3.swift */,
			);
			path = Hash;
			sourceTree = "<group>";
		};
		39DCF1B524EEC702007CCFBC /* Utils */ = {
			isa = PBXGroup;
			children = (
				3971F71B24F1843000597F9D /* CryptoCommon.swift */,
			);
			path = Utils;
			sourceTree = "<group>";
		};
		39DCF1B824EEC735007CCFBC /* Store */ = {
			isa = PBXGroup;
			children = (
				3971F71F24F1843900597F9D /* GenericPasswordQueryable.swift */,
				3971F71E24F1843900597F9D /* InMemorySecureStore.swift */,
				3971F71D24F1843900597F9D /* KeyChainSecureStore.swift */,
				3971F72024F1843900597F9D /* SecureStore.swift */,
				3971F72124F1843900597F9D /* SecureStoreError.swift */,
			);
			path = Store;
			sourceTree = "<group>";
		};
		39DCF1B924EEC76F007CCFBC /* CryptoBox */ = {
			isa = PBXGroup;
			children = (
				39DCF1C624EEC8F8007CCFBC /* CryptoBox.swift */,
				39DCF1C424EEC8F8007CCFBC /* CryptoBoxCommonError.swift */,
				39DCF1C524EEC8F8007CCFBC /* HackWrapperCryptoBox.swift */,
				397CDAD024EF9F6C00FB0EAA /* PinCryptoBox.swift */,
				397CDAD224EF9F7F00FB0EAA /* PinHackCryptoBox.swift */,
			);
			path = CryptoBox;
			sourceTree = "<group>";
		};
		476135437ACA0805F9991794 /* Frameworks */ = {
			isa = PBXGroup;
			children = (
				CB0A89DF1B751C2D2CAC7179 /* Pods_Utils.framework */,
				102A9A8EF253FEE66EBF94C1 /* Pods_Utils_UtilsTests.framework */,
			);
			name = Frameworks;
			sourceTree = "<group>";
		};
		4F3ED9D5211C27CF0030DD45 = {
			isa = PBXGroup;
			children = (
				4F3ED9E1211C27CF0030DD45 /* Utils */,
				4F3ED9EC211C27CF0030DD45 /* UtilsTests */,
				4F3ED9E0211C27CF0030DD45 /* Products */,
				DE94779B73B381E100531280 /* Pods */,
				476135437ACA0805F9991794 /* Frameworks */,
			);
			sourceTree = "<group>";
		};
		4F3ED9E0211C27CF0030DD45 /* Products */ = {
			isa = PBXGroup;
			children = (
				4F3ED9DF211C27CF0030DD45 /* Utils.framework */,
				4F3ED9E8211C27CF0030DD45 /* UtilsTests.xctest */,
			);
			name = Products;
			sourceTree = "<group>";
		};
		4F3ED9E1211C27CF0030DD45 /* Utils */ = {
			isa = PBXGroup;
			children = (
				39DCF1A324EEC5D0007CCFBC /* SecurityService */,
				EE0C5D9024102671006B8C28 /* UIControl */,
				87239D7D24D41E6500D38EC7 /* MoneyModel */,
				5709EC5B236F4C2200EEBD93 /* CommonButton */,
				A4D5D5FB24E57A50004ABFBC /* CustomSwitch */,
				18F2361221D214CC00169AC9 /* Dictionary */,
				902C67EA21E4D1EF007B13CC /* ItemsScrollManager */,
				80437D24214045B30095A8D0 /* BrightSide */,
				90718AED21EA36CA00C81002 /* KeyboardPresentable */,
				907F0FEA21DCD7C6001CCB07 /* RouteMeasurer */,
				907F0FE421DCD375001CCB07 /* SettingsRouter */,
				A439074C21F5C5510034C455 /* SkeletonView */,
				4F3ED9FA211C27E80030DD45 /* String */,
				573117CF23BF84B300491781 /* UIDevice */,
				5709EC68236F55AA00EEBD93 /* UIImage */,
				907F0FE121DCD1DB001CCB07 /* UINavigationController */,
				573117D723BFD26800491781 /* UIStyle */,
				902CA33F21E732F700396923 /* UIView */,
				E9B06306214691F30080C391 /* VibrationFeedbackManager */,
				907F0FED21DCDB1F001CCB07 /* WordDeclinationSelector */,
				573117D423BF888500491781 /* LayoutHelper */,
				89293B2421F59F6A0016C6BE /* LocalStorage */,
				8953A46B23560726007AD110 /* OTPField */,
				90AC855D2385924600DF7F3B /* GeolocationService */,
				4F3ED9E2211C27CF0030DD45 /* Utils.h */,
				4F3ED9E3211C27CF0030DD45 /* Info.plist */,
			);
			path = Utils;
			sourceTree = "<group>";
		};
		4F3ED9EC211C27CF0030DD45 /* UtilsTests */ = {
			isa = PBXGroup;
			children = (
				90C101C921E0B62D002E8E65 /* RouteMeasurerTests.swift */,
				90C101C721E0B1E0002E8E65 /* WordDeclinationSelectorTests.swift */,
				890C428323795BF100FF63A7 /* LocalStorageTests.swift */,
				87239D8024D4220600D38EC7 /* MoneyModelTests.swift */,
				90AC856C2385941D00DF7F3B /* GeolocationServiceTests.swift */,
				4F3ED9EF211C27CF0030DD45 /* Info.plist */,
			);
			path = UtilsTests;
			sourceTree = "<group>";
		};
		4F3ED9FA211C27E80030DD45 /* String */ = {
			isa = PBXGroup;
			children = (
				4F3ED9FB211C27FD0030DD45 /* String+Attributes.swift */,
				D6040DFB22C5F3E20088BB50 /* StringBuilder.swift */,
			);
			path = String;
			sourceTree = "<group>";
		};
		5709EC5B236F4C2200EEBD93 /* CommonButton */ = {
			isa = PBXGroup;
			children = (
				5709EC5C236F4C6500EEBD93 /* CommonButton.swift */,
			);
			path = CommonButton;
			sourceTree = "<group>";
		};
		5709EC68236F55AA00EEBD93 /* UIImage */ = {
			isa = PBXGroup;
			children = (
				5709EC69236F562400EEBD93 /* UIImageExtensions.swift */,
				39DCF1A124EE7C66007CCFBC /* UIImage+badgedImage.swift */,
			);
			path = UIImage;
			sourceTree = "<group>";
		};
		573117CF23BF84B300491781 /* UIDevice */ = {
			isa = PBXGroup;
			children = (
				573117D023BF84C400491781 /* UIDevice.swift */,
			);
			path = UIDevice;
			sourceTree = "<group>";
		};
		573117D423BF888500491781 /* LayoutHelper */ = {
			isa = PBXGroup;
			children = (
				573117D523BF889000491781 /* LayoutHelper.swift */,
			);
			path = LayoutHelper;
			sourceTree = "<group>";
		};
		573117D723BFD26800491781 /* UIStyle */ = {
			isa = PBXGroup;
			children = (
				573117D823BFD28300491781 /* UIStyle.swift */,
				573117DA23BFD33000491781 /* AnyStyle.swift */,
			);
			path = UIStyle;
			sourceTree = "<group>";
		};
		80437D24214045B30095A8D0 /* BrightSide */ = {
			isa = PBXGroup;
			children = (
				80437D25214045EF0095A8D0 /* BrightSide.swift */,
			);
			path = BrightSide;
			sourceTree = "<group>";
		};
		87239D7D24D41E6500D38EC7 /* MoneyModel */ = {
			isa = PBXGroup;
			children = (
				87239D7E24D41E8700D38EC7 /* MoneyModel.swift */,
			);
			path = MoneyModel;
			sourceTree = "<group>";
		};
		89293B2421F59F6A0016C6BE /* LocalStorage */ = {
			isa = PBXGroup;
			children = (
				89293B2521F59F6A0016C6BE /* LocalStorage.swift */,
			);
			path = LocalStorage;
			sourceTree = "<group>";
		};
		8953A46B23560726007AD110 /* OTPField */ = {
			isa = PBXGroup;
			children = (
				89F23A6A23575D97005112E1 /* DigitFieldStyle.swift */,
				89F23A68235733BC005112E1 /* DigitField.swift */,
				89F23A6C23576452005112E1 /* OTPFieldStyle.swift */,
				8953A46C23560A2F007AD110 /* OTPField.swift */,
				8953A46E23560A4C007AD110 /* OTPField.xib */,
			);
			path = OTPField;
			sourceTree = "<group>";
		};
		902C67EA21E4D1EF007B13CC /* ItemsScrollManager */ = {
			isa = PBXGroup;
			children = (
				902C67EB21E4D20B007B13CC /* ItemsScrollManager.swift */,
			);
			path = ItemsScrollManager;
			sourceTree = "<group>";
		};
		902CA33F21E732F700396923 /* UIView */ = {
			isa = PBXGroup;
			children = (
				902CA34021E7331E00396923 /* UIView+BlurBuilder.swift */,
				A439074A21F5C52A0034C455 /* UIView+Masking.swift */,
				8988451F2360482D004940DC /* UIView+XibSetup.swift */,
			);
			path = UIView;
			sourceTree = "<group>";
		};
		90718AED21EA36CA00C81002 /* KeyboardPresentable */ = {
			isa = PBXGroup;
			children = (
				9087BC4F21EF3BD400FCE1E1 /* KeyboardObservable.swift */,
				90718AF021EA370000C81002 /* KeyboardNotificationsObserver.swift */,
				9087BC5121EF3BE700FCE1E1 /* CommonKeyboardPresentable.swift */,
				9087BC5321EF3BF200FCE1E1 /* FullKeyboardPresentable.swift */,
				9087BC5521EF3BFB00FCE1E1 /* Notification.swift */,
				9087BC5921EF6C9F00FCE1E1 /* KeyboardNotificationsObserverPool.swift */,
			);
			path = KeyboardPresentable;
			sourceTree = "<group>";
		};
		907F0FE121DCD1DB001CCB07 /* UINavigationController */ = {
			isa = PBXGroup;
			children = (
				907F0FE221DCD20C001CCB07 /* UINavigationController+AdvancedNavigationStackManagement.swift */,
			);
			path = UINavigationController;
			sourceTree = "<group>";
		};
		907F0FE421DCD375001CCB07 /* SettingsRouter */ = {
			isa = PBXGroup;
			children = (
				907F0FE521DCD3A0001CCB07 /* SettingsRouter.swift */,
			);
			path = SettingsRouter;
			sourceTree = "<group>";
		};
		907F0FEA21DCD7C6001CCB07 /* RouteMeasurer */ = {
			isa = PBXGroup;
			children = (
				907F0FEB21DCD7E1001CCB07 /* RouteMeasurer.swift */,
			);
			path = RouteMeasurer;
			sourceTree = "<group>";
		};
		907F0FED21DCDB1F001CCB07 /* WordDeclinationSelector */ = {
			isa = PBXGroup;
			children = (
				907F0FEE21DCDB43001CCB07 /* WordDeclinationSelector.swift */,
			);
			path = WordDeclinationSelector;
			sourceTree = "<group>";
		};
		90AC855D2385924600DF7F3B /* GeolocationService */ = {
			isa = PBXGroup;
			children = (
				90AC855F2385927300DF7F3B /* Support */,
				90AC85622385928E00DF7F3B /* GeolocationServiceInterface.swift */,
				90AC85602385928100DF7F3B /* GeolocationService.swift */,
			);
			path = GeolocationService;
			sourceTree = "<group>";
		};
		90AC855F2385927300DF7F3B /* Support */ = {
			isa = PBXGroup;
			children = (
				90AC8566238592A700DF7F3B /* GeolocationAccuracy.swift */,
				90AC8568238592AF00DF7F3B /* GeolocationAuthResult.swift */,
				90AC856A238592B800DF7F3B /* GeolocationResult.swift */,
				90AC85642385929E00DF7F3B /* LocationManagerInterface.swift */,
			);
			path = Support;
			sourceTree = "<group>";
		};
		A439074C21F5C5510034C455 /* SkeletonView */ = {
			isa = PBXGroup;
			children = (
				A439074D21F5C5880034C455 /* SkeletonView.swift */,
			);
			path = SkeletonView;
			sourceTree = "<group>";
		};
		A4D5D5FB24E57A50004ABFBC /* CustomSwitch */ = {
			isa = PBXGroup;
			children = (
				A4D5D5FC24E57A6A004ABFBC /* CustomSwitch.swift */,
				A4D5D5FE24E57A81004ABFBC /* CustomSwitchExternalConfigurations.swift */,
			);
			path = CustomSwitch;
			sourceTree = "<group>";
		};
		DE94779B73B381E100531280 /* Pods */ = {
			isa = PBXGroup;
			children = (
				632D58609B21028A5FFDF22F /* Pods-Utils.debug.xcconfig */,
				D06F434CB242A683A6DFCEC4 /* Pods-Utils.release.xcconfig */,
				243F44D696F7B70FA2E9207A /* Pods-UtilsTests.debug.xcconfig */,
				A48BDCA594019F58493D65E7 /* Pods-UtilsTests.release.xcconfig */,
				03334A1D4618E8D80FE93B35 /* Pods-Utils-UtilsTests.debug.xcconfig */,
				02F9B416D59467D2B80A9C5F /* Pods-Utils-UtilsTests.release.xcconfig */,
			);
			path = Pods;
			sourceTree = "<group>";
		};
		E9B06306214691F30080C391 /* VibrationFeedbackManager */ = {
			isa = PBXGroup;
			children = (
				E9B063092146924A0080C391 /* VibrationFeedbackManager.swift */,
				E9B0630B214692C30080C391 /* UIDevice+hasTapticEngine.swift */,
				E9B0630D214693160080C391 /* UIDevice+hasHapticFeedback.swift */,
				E9B0630F2147AECC0080C391 /* UIDevice+feedbackType.swift */,
			);
			path = VibrationFeedbackManager;
			sourceTree = "<group>";
		};
		EE0C5D9024102671006B8C28 /* UIControl */ = {
			isa = PBXGroup;
			children = (
				EE0C5D91241026CB006B8C28 /* TouchableControl.swift */,
			);
			path = UIControl;
			sourceTree = "<group>";
		};
/* End PBXGroup section */

/* Begin PBXHeadersBuildPhase section */
		4F3ED9DC211C27CF0030DD45 /* Headers */ = {
			isa = PBXHeadersBuildPhase;
			buildActionMask = 2147483647;
			files = (
				4F3ED9F0211C27CF0030DD45 /* Utils.h in Headers */,
			);
			runOnlyForDeploymentPostprocessing = 0;
		};
/* End PBXHeadersBuildPhase section */

/* Begin PBXNativeTarget section */
		4F3ED9DE211C27CF0030DD45 /* Utils */ = {
			isa = PBXNativeTarget;
			buildConfigurationList = 4F3ED9F3211C27CF0030DD45 /* Build configuration list for PBXNativeTarget "Utils" */;
			buildPhases = (
				A9A2EC798088A2C3686B19BB /* [CP] Check Pods Manifest.lock */,
				4F3ED9DA211C27CF0030DD45 /* Sources */,
				4F3ED9DB211C27CF0030DD45 /* Frameworks */,
				4F3ED9DC211C27CF0030DD45 /* Headers */,
				4F3ED9DD211C27CF0030DD45 /* Resources */,
				8B66F35C21FDB938000BDCB8 /* Swift Lint */,
			);
			buildRules = (
			);
			dependencies = (
			);
			name = Utils;
			productName = Utils;
			productReference = 4F3ED9DF211C27CF0030DD45 /* Utils.framework */;
			productType = "com.apple.product-type.framework";
		};
		4F3ED9E7211C27CF0030DD45 /* UtilsTests */ = {
			isa = PBXNativeTarget;
			buildConfigurationList = 4F3ED9F6211C27CF0030DD45 /* Build configuration list for PBXNativeTarget "UtilsTests" */;
			buildPhases = (
				E57B963895EC88A1958BAA67 /* [CP] Check Pods Manifest.lock */,
				4F3ED9E4211C27CF0030DD45 /* Sources */,
				4F3ED9E5211C27CF0030DD45 /* Frameworks */,
				4F3ED9E6211C27CF0030DD45 /* Resources */,
				25B237629453CB8FA420B387 /* [CP] Embed Pods Frameworks */,
			);
			buildRules = (
			);
			dependencies = (
				4F3ED9EB211C27CF0030DD45 /* PBXTargetDependency */,
			);
			name = UtilsTests;
			productName = UtilsTests;
			productReference = 4F3ED9E8211C27CF0030DD45 /* UtilsTests.xctest */;
			productType = "com.apple.product-type.bundle.unit-test";
		};
/* End PBXNativeTarget section */

/* Begin PBXProject section */
		4F3ED9D6211C27CF0030DD45 /* Project object */ = {
			isa = PBXProject;
			attributes = {
				LastSwiftUpdateCheck = 0940;
				LastUpgradeCheck = 0940;
				ORGANIZATIONNAME = Surf;
				TargetAttributes = {
					4F3ED9DE211C27CF0030DD45 = {
						CreatedOnToolsVersion = 9.4.1;
						LastSwiftMigration = 0940;
					};
					4F3ED9E7211C27CF0030DD45 = {
						CreatedOnToolsVersion = 9.4.1;
					};
				};
			};
			buildConfigurationList = 4F3ED9D9211C27CF0030DD45 /* Build configuration list for PBXProject "Utils" */;
			compatibilityVersion = "Xcode 9.3";
			developmentRegion = en;
			hasScannedForEncodings = 0;
			knownRegions = (
				en,
				Base,
			);
			mainGroup = 4F3ED9D5211C27CF0030DD45;
			productRefGroup = 4F3ED9E0211C27CF0030DD45 /* Products */;
			projectDirPath = "";
			projectRoot = "";
			targets = (
				4F3ED9DE211C27CF0030DD45 /* Utils */,
				4F3ED9E7211C27CF0030DD45 /* UtilsTests */,
			);
		};
/* End PBXProject section */

/* Begin PBXResourcesBuildPhase section */
		4F3ED9DD211C27CF0030DD45 /* Resources */ = {
			isa = PBXResourcesBuildPhase;
			buildActionMask = 2147483647;
			files = (
				8953A46F23560A4C007AD110 /* OTPField.xib in Resources */,
			);
			runOnlyForDeploymentPostprocessing = 0;
		};
		4F3ED9E6211C27CF0030DD45 /* Resources */ = {
			isa = PBXResourcesBuildPhase;
			buildActionMask = 2147483647;
			files = (
			);
			runOnlyForDeploymentPostprocessing = 0;
		};
/* End PBXResourcesBuildPhase section */

/* Begin PBXShellScriptBuildPhase section */
		25B237629453CB8FA420B387 /* [CP] Embed Pods Frameworks */ = {
			isa = PBXShellScriptBuildPhase;
			buildActionMask = 2147483647;
			files = (
			);
			inputFileListPaths = (
				"${PODS_ROOT}/Target Support Files/Pods-Utils-UtilsTests/Pods-Utils-UtilsTests-frameworks-${CONFIGURATION}-input-files.xcfilelist",
			);
			name = "[CP] Embed Pods Frameworks";
			outputFileListPaths = (
				"${PODS_ROOT}/Target Support Files/Pods-Utils-UtilsTests/Pods-Utils-UtilsTests-frameworks-${CONFIGURATION}-output-files.xcfilelist",
			);
			runOnlyForDeploymentPostprocessing = 0;
			shellPath = /bin/sh;
			shellScript = "\"${PODS_ROOT}/Target Support Files/Pods-Utils-UtilsTests/Pods-Utils-UtilsTests-frameworks.sh\"\n";
			showEnvVarsInLog = 0;
		};
		8B66F35C21FDB938000BDCB8 /* Swift Lint */ = {
			isa = PBXShellScriptBuildPhase;
			buildActionMask = 2147483647;
			files = (
			);
			inputFileListPaths = (
			);
			inputPaths = (
			);
			name = "Swift Lint";
			outputFileListPaths = (
			);
			outputPaths = (
			);
			runOnlyForDeploymentPostprocessing = 0;
			shellPath = /bin/sh;
			shellScript = "if which ${PODS_ROOT}/SwiftLint/swiftlint >/dev/null; then\n  ${PODS_ROOT}/SwiftLint/swiftlint --config \"${SRCROOT}/.swiftlint.yml\"\nelse\n  echo \"warning: SwiftLint not installed, download from https://github.com/realm/SwiftLint\"\nfi\n";
		};
		A9A2EC798088A2C3686B19BB /* [CP] Check Pods Manifest.lock */ = {
			isa = PBXShellScriptBuildPhase;
			buildActionMask = 2147483647;
			files = (
			);
			inputFileListPaths = (
			);
			inputPaths = (
				"${PODS_PODFILE_DIR_PATH}/Podfile.lock",
				"${PODS_ROOT}/Manifest.lock",
			);
			name = "[CP] Check Pods Manifest.lock";
			outputFileListPaths = (
			);
			outputPaths = (
				"$(DERIVED_FILE_DIR)/Pods-Utils-checkManifestLockResult.txt",
			);
			runOnlyForDeploymentPostprocessing = 0;
			shellPath = /bin/sh;
			shellScript = "diff \"${PODS_PODFILE_DIR_PATH}/Podfile.lock\" \"${PODS_ROOT}/Manifest.lock\" > /dev/null\nif [ $? != 0 ] ; then\n    # print error to STDERR\n    echo \"error: The sandbox is not in sync with the Podfile.lock. Run 'pod install' or update your CocoaPods installation.\" >&2\n    exit 1\nfi\n# This output is used by Xcode 'outputs' to avoid re-running this script phase.\necho \"SUCCESS\" > \"${SCRIPT_OUTPUT_FILE_0}\"\n";
			showEnvVarsInLog = 0;
		};
		E57B963895EC88A1958BAA67 /* [CP] Check Pods Manifest.lock */ = {
			isa = PBXShellScriptBuildPhase;
			buildActionMask = 2147483647;
			files = (
			);
			inputFileListPaths = (
			);
			inputPaths = (
				"${PODS_PODFILE_DIR_PATH}/Podfile.lock",
				"${PODS_ROOT}/Manifest.lock",
			);
			name = "[CP] Check Pods Manifest.lock";
			outputFileListPaths = (
			);
			outputPaths = (
				"$(DERIVED_FILE_DIR)/Pods-Utils-UtilsTests-checkManifestLockResult.txt",
			);
			runOnlyForDeploymentPostprocessing = 0;
			shellPath = /bin/sh;
			shellScript = "diff \"${PODS_PODFILE_DIR_PATH}/Podfile.lock\" \"${PODS_ROOT}/Manifest.lock\" > /dev/null\nif [ $? != 0 ] ; then\n    # print error to STDERR\n    echo \"error: The sandbox is not in sync with the Podfile.lock. Run 'pod install' or update your CocoaPods installation.\" >&2\n    exit 1\nfi\n# This output is used by Xcode 'outputs' to avoid re-running this script phase.\necho \"SUCCESS\" > \"${SCRIPT_OUTPUT_FILE_0}\"\n";
			showEnvVarsInLog = 0;
		};
/* End PBXShellScriptBuildPhase section */

/* Begin PBXSourcesBuildPhase section */
		4F3ED9DA211C27CF0030DD45 /* Sources */ = {
			isa = PBXSourcesBuildPhase;
			buildActionMask = 2147483647;
			files = (
				39DCF1C824EEC8F8007CCFBC /* HackWrapperCryptoBox.swift in Sources */,
				3971F72624F1843900597F9D /* SecureStoreError.swift in Sources */,
				87239D7F24D41E8700D38EC7 /* MoneyModel.swift in Sources */,
				90AC85652385929E00DF7F3B /* LocationManagerInterface.swift in Sources */,
				907F0FEC21DCD7E1001CCB07 /* RouteMeasurer.swift in Sources */,
				89293B2621F59F6A0016C6BE /* LocalStorage.swift in Sources */,
				18F2361421D2150200169AC9 /* Dictionary+QueryStringBuilder.swift in Sources */,
				E9B063102147AECC0080C391 /* UIDevice+feedbackType.swift in Sources */,
				9087BC5421EF3BF200FCE1E1 /* FullKeyboardPresentable.swift in Sources */,
				D6040DFC22C5F3E20088BB50 /* StringBuilder.swift in Sources */,
				902C67EC21E4D20B007B13CC /* ItemsScrollManager.swift in Sources */,
				39DCF1C724EEC8F8007CCFBC /* CryptoBoxCommonError.swift in Sources */,
				39DCF1C924EEC8F8007CCFBC /* CryptoBox.swift in Sources */,
				3971F71624F1842300597F9D /* BlowfishCryptoService.swift in Sources */,
				89F23A6D23576452005112E1 /* OTPFieldStyle.swift in Sources */,
				3971F71C24F1843000597F9D /* CryptoCommon.swift in Sources */,
				573117D623BF889000491781 /* LayoutHelper.swift in Sources */,
				A4D5D5FD24E57A6A004ABFBC /* CustomSwitch.swift in Sources */,
				90AC85632385928E00DF7F3B /* GeolocationServiceInterface.swift in Sources */,
				E9B0630A2146924A0080C391 /* VibrationFeedbackManager.swift in Sources */,
				907F0FE621DCD3A0001CCB07 /* SettingsRouter.swift in Sources */,
				89F23A69235733BC005112E1 /* DigitField.swift in Sources */,
				E9B0630C214692C30080C391 /* UIDevice+hasTapticEngine.swift in Sources */,
				3971F72524F1843900597F9D /* SecureStore.swift in Sources */,
				3971F72324F1843900597F9D /* InMemorySecureStore.swift in Sources */,
				A439074E21F5C5880034C455 /* SkeletonView.swift in Sources */,
				3971F72424F1843900597F9D /* GenericPasswordQueryable.swift in Sources */,
				3971F71924F1842A00597F9D /* SHA3.swift in Sources */,
				80437D26214045EF0095A8D0 /* BrightSide.swift in Sources */,
				898845202360482D004940DC /* UIView+XibSetup.swift in Sources */,
				90AC8567238592A700DF7F3B /* GeolocationAccuracy.swift in Sources */,
				5709EC5D236F4C6500EEBD93 /* CommonButton.swift in Sources */,
				9087BC5221EF3BE700FCE1E1 /* CommonKeyboardPresentable.swift in Sources */,
				3971F71524F1842300597F9D /* SymmetricCryptoService.swift in Sources */,
				9087BC5021EF3BD400FCE1E1 /* KeyboardObservable.swift in Sources */,
				397CDAD324EF9F7F00FB0EAA /* PinHackCryptoBox.swift in Sources */,
				E9B0630E214693160080C391 /* UIDevice+hasHapticFeedback.swift in Sources */,
				90718AF121EA370000C81002 /* KeyboardNotificationsObserver.swift in Sources */,
				397CDAD124EF9F6C00FB0EAA /* PinCryptoBox.swift in Sources */,
				39DCF1A224EE7C66007CCFBC /* UIImage+badgedImage.swift in Sources */,
				90AC8569238592AF00DF7F3B /* GeolocationAuthResult.swift in Sources */,
				5709EC6A236F562400EEBD93 /* UIImageExtensions.swift in Sources */,
				8953A46D23560A2F007AD110 /* OTPField.swift in Sources */,
				4F3ED9FC211C27FD0030DD45 /* String+Attributes.swift in Sources */,
				3971F71A24F1842A00597F9D /* HashProvider.swift in Sources */,
				902CA34121E7331E00396923 /* UIView+BlurBuilder.swift in Sources */,
				90AC85612385928100DF7F3B /* GeolocationService.swift in Sources */,
				90AC856B238592B800DF7F3B /* GeolocationResult.swift in Sources */,
				573117D123BF84C400491781 /* UIDevice.swift in Sources */,
				9087BC5621EF3BFB00FCE1E1 /* Notification.swift in Sources */,
				A4D5D5FF24E57A81004ABFBC /* CustomSwitchExternalConfigurations.swift in Sources */,
				89F23A6B23575D97005112E1 /* DigitFieldStyle.swift in Sources */,
				573117DB23BFD33000491781 /* AnyStyle.swift in Sources */,
				EE0C5D92241026CB006B8C28 /* TouchableControl.swift in Sources */,
				907F0FEF21DCDB43001CCB07 /* WordDeclinationSelector.swift in Sources */,
				3971F72224F1843900597F9D /* KeyChainSecureStore.swift in Sources */,
				A439074B21F5C52A0034C455 /* UIView+Masking.swift in Sources */,
				9087BC5A21EF6C9F00FCE1E1 /* KeyboardNotificationsObserverPool.swift in Sources */,
				907F0FE321DCD20C001CCB07 /* UINavigationController+AdvancedNavigationStackManagement.swift in Sources */,
				573117D923BFD28300491781 /* UIStyle.swift in Sources */,
			);
			runOnlyForDeploymentPostprocessing = 0;
		};
		4F3ED9E4211C27CF0030DD45 /* Sources */ = {
			isa = PBXSourcesBuildPhase;
			buildActionMask = 2147483647;
			files = (
				90AC856D2385941D00DF7F3B /* GeolocationServiceTests.swift in Sources */,
				90C101CA21E0B62D002E8E65 /* RouteMeasurerTests.swift in Sources */,
				90C101C821E0B1E0002E8E65 /* WordDeclinationSelectorTests.swift in Sources */,
				87239D8124D4220600D38EC7 /* MoneyModelTests.swift in Sources */,
				890C428423795BF100FF63A7 /* LocalStorageTests.swift in Sources */,
			);
			runOnlyForDeploymentPostprocessing = 0;
		};
/* End PBXSourcesBuildPhase section */

/* Begin PBXTargetDependency section */
		4F3ED9EB211C27CF0030DD45 /* PBXTargetDependency */ = {
			isa = PBXTargetDependency;
			target = 4F3ED9DE211C27CF0030DD45 /* Utils */;
			targetProxy = 4F3ED9EA211C27CF0030DD45 /* PBXContainerItemProxy */;
		};
/* End PBXTargetDependency section */

/* Begin XCBuildConfiguration section */
		4F3ED9F1211C27CF0030DD45 /* Debug */ = {
			isa = XCBuildConfiguration;
			buildSettings = {
				ALWAYS_SEARCH_USER_PATHS = NO;
				CLANG_ANALYZER_NONNULL = YES;
				CLANG_ANALYZER_NUMBER_OBJECT_CONVERSION = YES_AGGRESSIVE;
				CLANG_CXX_LANGUAGE_STANDARD = "gnu++14";
				CLANG_CXX_LIBRARY = "libc++";
				CLANG_ENABLE_MODULES = YES;
				CLANG_ENABLE_OBJC_ARC = YES;
				CLANG_ENABLE_OBJC_WEAK = YES;
				CLANG_WARN_BLOCK_CAPTURE_AUTORELEASING = YES;
				CLANG_WARN_BOOL_CONVERSION = YES;
				CLANG_WARN_COMMA = YES;
				CLANG_WARN_CONSTANT_CONVERSION = YES;
				CLANG_WARN_DEPRECATED_OBJC_IMPLEMENTATIONS = YES;
				CLANG_WARN_DIRECT_OBJC_ISA_USAGE = YES_ERROR;
				CLANG_WARN_DOCUMENTATION_COMMENTS = YES;
				CLANG_WARN_EMPTY_BODY = YES;
				CLANG_WARN_ENUM_CONVERSION = YES;
				CLANG_WARN_INFINITE_RECURSION = YES;
				CLANG_WARN_INT_CONVERSION = YES;
				CLANG_WARN_NON_LITERAL_NULL_CONVERSION = YES;
				CLANG_WARN_OBJC_IMPLICIT_RETAIN_SELF = YES;
				CLANG_WARN_OBJC_LITERAL_CONVERSION = YES;
				CLANG_WARN_OBJC_ROOT_CLASS = YES_ERROR;
				CLANG_WARN_RANGE_LOOP_ANALYSIS = YES;
				CLANG_WARN_STRICT_PROTOTYPES = YES;
				CLANG_WARN_SUSPICIOUS_MOVE = YES;
				CLANG_WARN_UNGUARDED_AVAILABILITY = YES_AGGRESSIVE;
				CLANG_WARN_UNREACHABLE_CODE = YES;
				CLANG_WARN__DUPLICATE_METHOD_MATCH = YES;
				CODE_SIGN_IDENTITY = "iPhone Developer";
				COPY_PHASE_STRIP = NO;
				CURRENT_PROJECT_VERSION = 1;
				DEBUG_INFORMATION_FORMAT = dwarf;
				ENABLE_STRICT_OBJC_MSGSEND = YES;
				ENABLE_TESTABILITY = YES;
				GCC_C_LANGUAGE_STANDARD = gnu11;
				GCC_DYNAMIC_NO_PIC = NO;
				GCC_NO_COMMON_BLOCKS = YES;
				GCC_OPTIMIZATION_LEVEL = 0;
				GCC_PREPROCESSOR_DEFINITIONS = (
					"DEBUG=1",
					"$(inherited)",
				);
				GCC_WARN_64_TO_32_BIT_CONVERSION = YES;
				GCC_WARN_ABOUT_RETURN_TYPE = YES_ERROR;
				GCC_WARN_UNDECLARED_SELECTOR = YES;
				GCC_WARN_UNINITIALIZED_AUTOS = YES_AGGRESSIVE;
				GCC_WARN_UNUSED_FUNCTION = YES;
				GCC_WARN_UNUSED_VARIABLE = YES;
				IPHONEOS_DEPLOYMENT_TARGET = 11.4;
				MTL_ENABLE_DEBUG_INFO = YES;
				ONLY_ACTIVE_ARCH = YES;
				SDKROOT = iphoneos;
				SWIFT_ACTIVE_COMPILATION_CONDITIONS = DEBUG;
				SWIFT_OPTIMIZATION_LEVEL = "-Onone";
				VERSIONING_SYSTEM = "apple-generic";
				VERSION_INFO_PREFIX = "";
			};
			name = Debug;
		};
		4F3ED9F2211C27CF0030DD45 /* Release */ = {
			isa = XCBuildConfiguration;
			buildSettings = {
				ALWAYS_SEARCH_USER_PATHS = NO;
				CLANG_ANALYZER_NONNULL = YES;
				CLANG_ANALYZER_NUMBER_OBJECT_CONVERSION = YES_AGGRESSIVE;
				CLANG_CXX_LANGUAGE_STANDARD = "gnu++14";
				CLANG_CXX_LIBRARY = "libc++";
				CLANG_ENABLE_MODULES = YES;
				CLANG_ENABLE_OBJC_ARC = YES;
				CLANG_ENABLE_OBJC_WEAK = YES;
				CLANG_WARN_BLOCK_CAPTURE_AUTORELEASING = YES;
				CLANG_WARN_BOOL_CONVERSION = YES;
				CLANG_WARN_COMMA = YES;
				CLANG_WARN_CONSTANT_CONVERSION = YES;
				CLANG_WARN_DEPRECATED_OBJC_IMPLEMENTATIONS = YES;
				CLANG_WARN_DIRECT_OBJC_ISA_USAGE = YES_ERROR;
				CLANG_WARN_DOCUMENTATION_COMMENTS = YES;
				CLANG_WARN_EMPTY_BODY = YES;
				CLANG_WARN_ENUM_CONVERSION = YES;
				CLANG_WARN_INFINITE_RECURSION = YES;
				CLANG_WARN_INT_CONVERSION = YES;
				CLANG_WARN_NON_LITERAL_NULL_CONVERSION = YES;
				CLANG_WARN_OBJC_IMPLICIT_RETAIN_SELF = YES;
				CLANG_WARN_OBJC_LITERAL_CONVERSION = YES;
				CLANG_WARN_OBJC_ROOT_CLASS = YES_ERROR;
				CLANG_WARN_RANGE_LOOP_ANALYSIS = YES;
				CLANG_WARN_STRICT_PROTOTYPES = YES;
				CLANG_WARN_SUSPICIOUS_MOVE = YES;
				CLANG_WARN_UNGUARDED_AVAILABILITY = YES_AGGRESSIVE;
				CLANG_WARN_UNREACHABLE_CODE = YES;
				CLANG_WARN__DUPLICATE_METHOD_MATCH = YES;
				CODE_SIGN_IDENTITY = "iPhone Developer";
				COPY_PHASE_STRIP = NO;
				CURRENT_PROJECT_VERSION = 1;
				DEBUG_INFORMATION_FORMAT = "dwarf-with-dsym";
				ENABLE_NS_ASSERTIONS = NO;
				ENABLE_STRICT_OBJC_MSGSEND = YES;
				GCC_C_LANGUAGE_STANDARD = gnu11;
				GCC_NO_COMMON_BLOCKS = YES;
				GCC_WARN_64_TO_32_BIT_CONVERSION = YES;
				GCC_WARN_ABOUT_RETURN_TYPE = YES_ERROR;
				GCC_WARN_UNDECLARED_SELECTOR = YES;
				GCC_WARN_UNINITIALIZED_AUTOS = YES_AGGRESSIVE;
				GCC_WARN_UNUSED_FUNCTION = YES;
				GCC_WARN_UNUSED_VARIABLE = YES;
				IPHONEOS_DEPLOYMENT_TARGET = 11.4;
				MTL_ENABLE_DEBUG_INFO = NO;
				SDKROOT = iphoneos;
				SWIFT_COMPILATION_MODE = wholemodule;
				SWIFT_OPTIMIZATION_LEVEL = "-O";
				VALIDATE_PRODUCT = YES;
				VERSIONING_SYSTEM = "apple-generic";
				VERSION_INFO_PREFIX = "";
			};
			name = Release;
		};
		4F3ED9F4211C27CF0030DD45 /* Debug */ = {
			isa = XCBuildConfiguration;
			baseConfigurationReference = 632D58609B21028A5FFDF22F /* Pods-Utils.debug.xcconfig */;
			buildSettings = {
				CLANG_ENABLE_MODULES = YES;
				CODE_SIGN_IDENTITY = "";
				CODE_SIGN_STYLE = Automatic;
				DEFINES_MODULE = YES;
				DEVELOPMENT_TEAM = ZJ45BEVK69;
				DYLIB_COMPATIBILITY_VERSION = 1;
				DYLIB_CURRENT_VERSION = 1;
				DYLIB_INSTALL_NAME_BASE = "@rpath";
				INFOPLIST_FILE = Utils/Info.plist;
				INSTALL_PATH = "$(LOCAL_LIBRARY_DIR)/Frameworks";
				LD_RUNPATH_SEARCH_PATHS = (
					"$(inherited)",
					"@executable_path/Frameworks",
					"@loader_path/Frameworks",
				);
				PRODUCT_BUNDLE_IDENTIFIER = Surf.Utils;
				PRODUCT_NAME = "$(TARGET_NAME:c99extidentifier)";
				SKIP_INSTALL = YES;
				SWIFT_OPTIMIZATION_LEVEL = "-Onone";
				SWIFT_VERSION = 5.0;
				TARGETED_DEVICE_FAMILY = "1,2";
			};
			name = Debug;
		};
		4F3ED9F5211C27CF0030DD45 /* Release */ = {
			isa = XCBuildConfiguration;
			baseConfigurationReference = D06F434CB242A683A6DFCEC4 /* Pods-Utils.release.xcconfig */;
			buildSettings = {
				CLANG_ENABLE_MODULES = YES;
				CODE_SIGN_IDENTITY = "";
				CODE_SIGN_STYLE = Automatic;
				DEFINES_MODULE = YES;
				DEVELOPMENT_TEAM = ZJ45BEVK69;
				DYLIB_COMPATIBILITY_VERSION = 1;
				DYLIB_CURRENT_VERSION = 1;
				DYLIB_INSTALL_NAME_BASE = "@rpath";
				INFOPLIST_FILE = Utils/Info.plist;
				INSTALL_PATH = "$(LOCAL_LIBRARY_DIR)/Frameworks";
				LD_RUNPATH_SEARCH_PATHS = (
					"$(inherited)",
					"@executable_path/Frameworks",
					"@loader_path/Frameworks",
				);
				PRODUCT_BUNDLE_IDENTIFIER = Surf.Utils;
				PRODUCT_NAME = "$(TARGET_NAME:c99extidentifier)";
				SKIP_INSTALL = YES;
				SWIFT_VERSION = 5.0;
				TARGETED_DEVICE_FAMILY = "1,2";
			};
			name = Release;
		};
		4F3ED9F7211C27CF0030DD45 /* Debug */ = {
			isa = XCBuildConfiguration;
			baseConfigurationReference = 03334A1D4618E8D80FE93B35 /* Pods-Utils-UtilsTests.debug.xcconfig */;
			buildSettings = {
				ALWAYS_EMBED_SWIFT_STANDARD_LIBRARIES = "$(inherited)";
				CODE_SIGN_STYLE = Automatic;
				DEVELOPMENT_TEAM = ZJ45BEVK69;
				INFOPLIST_FILE = UtilsTests/Info.plist;
				LD_RUNPATH_SEARCH_PATHS = (
					"$(inherited)",
					"@executable_path/Frameworks",
					"@loader_path/Frameworks",
				);
				PRODUCT_BUNDLE_IDENTIFIER = Surf.UtilsTests;
				PRODUCT_NAME = "$(TARGET_NAME)";
				SWIFT_VERSION = 5.0;
				TARGETED_DEVICE_FAMILY = "1,2";
			};
			name = Debug;
		};
		4F3ED9F8211C27CF0030DD45 /* Release */ = {
			isa = XCBuildConfiguration;
			baseConfigurationReference = 02F9B416D59467D2B80A9C5F /* Pods-Utils-UtilsTests.release.xcconfig */;
			buildSettings = {
				ALWAYS_EMBED_SWIFT_STANDARD_LIBRARIES = "$(inherited)";
				CODE_SIGN_STYLE = Automatic;
				DEVELOPMENT_TEAM = ZJ45BEVK69;
				INFOPLIST_FILE = UtilsTests/Info.plist;
				LD_RUNPATH_SEARCH_PATHS = (
					"$(inherited)",
					"@executable_path/Frameworks",
					"@loader_path/Frameworks",
				);
				PRODUCT_BUNDLE_IDENTIFIER = Surf.UtilsTests;
				PRODUCT_NAME = "$(TARGET_NAME)";
				SWIFT_VERSION = 5.0;
				TARGETED_DEVICE_FAMILY = "1,2";
			};
			name = Release;
		};
/* End XCBuildConfiguration section */

/* Begin XCConfigurationList section */
		4F3ED9D9211C27CF0030DD45 /* Build configuration list for PBXProject "Utils" */ = {
			isa = XCConfigurationList;
			buildConfigurations = (
				4F3ED9F1211C27CF0030DD45 /* Debug */,
				4F3ED9F2211C27CF0030DD45 /* Release */,
			);
			defaultConfigurationIsVisible = 0;
			defaultConfigurationName = Release;
		};
		4F3ED9F3211C27CF0030DD45 /* Build configuration list for PBXNativeTarget "Utils" */ = {
			isa = XCConfigurationList;
			buildConfigurations = (
				4F3ED9F4211C27CF0030DD45 /* Debug */,
				4F3ED9F5211C27CF0030DD45 /* Release */,
			);
			defaultConfigurationIsVisible = 0;
			defaultConfigurationName = Release;
		};
		4F3ED9F6211C27CF0030DD45 /* Build configuration list for PBXNativeTarget "UtilsTests" */ = {
			isa = XCConfigurationList;
			buildConfigurations = (
				4F3ED9F7211C27CF0030DD45 /* Debug */,
				4F3ED9F8211C27CF0030DD45 /* Release */,
			);
			defaultConfigurationIsVisible = 0;
			defaultConfigurationName = Release;
		};
/* End XCConfigurationList section */
	};
	rootObject = 4F3ED9D6211C27CF0030DD45 /* Project object */;
}
