{
  "pins" : [
    {
      "identity" : "autolocalizable",
      "kind" : "remoteSourceControl",
      "location" : "https://github.com/surfstudio/Autolocalizable.git",
      "state" : {
        "revision" : "a78a12a7b2d8dab688365f0ec7504d0bbaf838f1",
        "version" : "1.1.0"
      }
    },
    {
      "identity" : "cryptoswift",
      "kind" : "remoteSourceControl",
      "location" : "https://github.com/krzyzanowskim/CryptoSwift",
      "state" : {
        "revision" : "039f56c5d7960f277087a0be51f5eb04ed0ec073",
        "version" : "1.5.1"
      }
    }
  ],
  "version" : 2
}
